{
	"name": "pi-extensions",
	"lockfileVersion": 3,
	"requires": true,
	"packages": {
		"": {
			"name": "pi-extensions",
			"dependencies": {
				"jimothy": "file:/Users/joel/.jimothy/worktrees/jimothy/worktree-more-worktree"
			}
		},
		"../../.jimothy/worktrees/jimothy/worktree-more-worktree": {
			"name": "jimothy",
			"version": "0.1.0",
			"dependencies": {
				"@earendil-works/pi-coding-agent": "^0.84.1",
				"@earendil-works/pi-tui": "^0.84.1",
				"proper-lockfile": "^4.1.2"
			},
			"bin": {
				"jimothy": "dist/cli.js"
			},
			"devDependencies": {
				"@biomejs/biome": "^2.5.8",
				"@types/node": "^24.13.3",
				"@types/proper-lockfile": "^4.1.4",
				"tsx": "^4.23.12",
				"typescript": "^7.0.2",
				"vitest": "^4.1.10"
			},
			"engines": {
				"node": ">=22.19.0"
			}
		},
		"node_modules/jimothy": {
			"resolved": "../../.jimothy/worktrees/jimothy/worktree-more-worktree",
			"link": true
		}
	}
}
